
Microsoft Visual Studio Solution File, Format Version 12.00
# Visual Studio Version 16
VisualStudioVersion = 16.0.33423.256
MinimumVisualStudioVersion = 10.0.40219.1
Project("{FAE04EC0-301F-11D3-BF4B-00C04F79EFBC}") = "AppBaiTapKTDH", "AppBaiTapKTDH.csproj", "{FBDBFAE6-8EEF-40F5-8F8E-B3A4742B801E}"
EndProject
Global
	GlobalSection(SolutionConfigurationPlatforms) = preSolution
		Debug|Any CPU = Debug|Any CPU
		Release|Any CPU = Release|Any CPU
	EndGlobalSection
	GlobalSection(ProjectConfigurationPlatforms) = postSolution
		{FBDBFAE6-8EEF-40F5-8F8E-B3A4742B801E}.Debug|Any CPU.ActiveCfg = Debug|Any CPU
		{FBDBFAE6-8EEF-40F5-8F8E-B3A4742B801E}.Debug|Any CPU.Build.0 = Debug|Any CPU
		{FBDBFAE6-8EEF-40F5-8F8E-B3A4742B801E}.Release|Any CPU.ActiveCfg = Release|Any CPU
		{FBDBFAE6-8EEF-40F5-8F8E-B3A4742B801E}.Release|Any CPU.Build.0 = Release|Any CPU
	EndGlobalSection
	GlobalSection(SolutionProperties) = preSolution
		HideSolutionNode = FALSE
	EndGlobalSection
	GlobalSection(ExtensibilityGlobals) = postSolution
		SolutionGuid = {C12EE3FE-4BC3-4CDE-B02F-A8BBE1E9DFC8}
	EndGlobalSection
EndGlobal
