
Microsoft Visual Studio Solution File, Format Version 12.00
# Visual Studio Version 16
VisualStudioVersion = 16.0.33423.256
MinimumVisualStudioVersion = 10.0.40219.1
Project("{FAE04EC0-301F-11D3-BF4B-00C04F79EFBC}") = "DoAnCuoiKi_KTDH_WinForm", "DoAnCuoiKi_KTDH_WinForm.csproj", "{D6E30F83-368D-4CBD-890E-328B79B72F5D}"
EndProject
Project("{54435603-DBB4-11D2-8724-00A0C9A8B90C}") = "DoAnCuoiKi_KTDH", "..\..\App\DoAnCuoiKi_KTDH\DoAnCuoiKi_KTDH.vdproj", "{8D4564BC-7D2F-434B-95CC-CCD1639506FB}"
EndProject
Global
	GlobalSection(SolutionConfigurationPlatforms) = preSolution
		Debug|Any CPU = Debug|Any CPU
		Release|Any CPU = Release|Any CPU
	EndGlobalSection
	GlobalSection(ProjectConfigurationPlatforms) = postSolution
		{D6E30F83-368D-4CBD-890E-328B79B72F5D}.Debug|Any CPU.ActiveCfg = Debug|Any CPU
		{D6E30F83-368D-4CBD-890E-328B79B72F5D}.Debug|Any CPU.Build.0 = Debug|Any CPU
		{D6E30F83-368D-4CBD-890E-328B79B72F5D}.Release|Any CPU.ActiveCfg = Release|Any CPU
		{D6E30F83-368D-4CBD-890E-328B79B72F5D}.Release|Any CPU.Build.0 = Release|Any CPU
		{8D4564BC-7D2F-434B-95CC-CCD1639506FB}.Debug|Any CPU.ActiveCfg = Release
		{8D4564BC-7D2F-434B-95CC-CCD1639506FB}.Release|Any CPU.ActiveCfg = Release
	EndGlobalSection
	GlobalSection(SolutionProperties) = preSolution
		HideSolutionNode = FALSE
	EndGlobalSection
	GlobalSection(ExtensibilityGlobals) = postSolution
		SolutionGuid = {1AFD392E-13FD-4567-868D-F6985DDC3B78}
	EndGlobalSection
EndGlobal
